
Microsoft Visual Studio Solution File, Format Version 12.00
# Visual Studio 2012
Project("{FAE04EC0-301F-11D3-BF4B-00C04F79EFBC}") = "TestRefit", "TestRefit\TestRefit.csproj", "{CBDF53AD-9B59-45EC-B6F6-36358B5EDE39}"
EndProject
Project("{FAE04EC0-301F-11D3-BF4B-00C04F79EFBC}") = "TestRefit.Droid", "Droid\TestRefit.Droid.csproj", "{4E2D365C-24AF-48FA-B8CC-0BDB76488FA0}"
EndProject
Project("{FAE04EC0-301F-11D3-BF4B-00C04F79EFBC}") = "TestRefit.iOS", "iOS\TestRefit.iOS.csproj", "{9EB1517A-A72D-4B15-A055-4A492411537F}"
EndProject
Global
	GlobalSection(SolutionConfigurationPlatforms) = preSolution
		Debug|Any CPU = Debug|Any CPU
		Release|Any CPU = Release|Any CPU
		Debug|iPhoneSimulator = Debug|iPhoneSimulator
		Release|iPhone = Release|iPhone
		Release|iPhoneSimulator = Release|iPhoneSimulator
		Debug|iPhone = Debug|iPhone
	EndGlobalSection
	GlobalSection(ProjectConfigurationPlatforms) = postSolution
		{CBDF53AD-9B59-45EC-B6F6-36358B5EDE39}.Debug|Any CPU.ActiveCfg = Debug|Any CPU
		{CBDF53AD-9B59-45EC-B6F6-36358B5EDE39}.Debug|Any CPU.Build.0 = Debug|Any CPU
		{CBDF53AD-9B59-45EC-B6F6-36358B5EDE39}.Release|Any CPU.ActiveCfg = Release|Any CPU
		{CBDF53AD-9B59-45EC-B6F6-36358B5EDE39}.Release|Any CPU.Build.0 = Release|Any CPU
		{CBDF53AD-9B59-45EC-B6F6-36358B5EDE39}.Debug|iPhoneSimulator.ActiveCfg = Debug|Any CPU
		{CBDF53AD-9B59-45EC-B6F6-36358B5EDE39}.Debug|iPhoneSimulator.Build.0 = Debug|Any CPU
		{CBDF53AD-9B59-45EC-B6F6-36358B5EDE39}.Release|iPhone.ActiveCfg = Release|Any CPU
		{CBDF53AD-9B59-45EC-B6F6-36358B5EDE39}.Release|iPhone.Build.0 = Release|Any CPU
		{CBDF53AD-9B59-45EC-B6F6-36358B5EDE39}.Release|iPhoneSimulator.ActiveCfg = Release|Any CPU
		{CBDF53AD-9B59-45EC-B6F6-36358B5EDE39}.Release|iPhoneSimulator.Build.0 = Release|Any CPU
		{CBDF53AD-9B59-45EC-B6F6-36358B5EDE39}.Debug|iPhone.ActiveCfg = Debug|Any CPU
		{CBDF53AD-9B59-45EC-B6F6-36358B5EDE39}.Debug|iPhone.Build.0 = Debug|Any CPU
		{4E2D365C-24AF-48FA-B8CC-0BDB76488FA0}.Debug|Any CPU.ActiveCfg = Debug|Any CPU
		{4E2D365C-24AF-48FA-B8CC-0BDB76488FA0}.Debug|Any CPU.Build.0 = Debug|Any CPU
		{4E2D365C-24AF-48FA-B8CC-0BDB76488FA0}.Release|Any CPU.ActiveCfg = Release|Any CPU
		{4E2D365C-24AF-48FA-B8CC-0BDB76488FA0}.Release|Any CPU.Build.0 = Release|Any CPU
		{4E2D365C-24AF-48FA-B8CC-0BDB76488FA0}.Debug|iPhoneSimulator.ActiveCfg = Debug|Any CPU
		{4E2D365C-24AF-48FA-B8CC-0BDB76488FA0}.Debug|iPhoneSimulator.Build.0 = Debug|Any CPU
		{4E2D365C-24AF-48FA-B8CC-0BDB76488FA0}.Release|iPhone.ActiveCfg = Release|Any CPU
		{4E2D365C-24AF-48FA-B8CC-0BDB76488FA0}.Release|iPhone.Build.0 = Release|Any CPU
		{4E2D365C-24AF-48FA-B8CC-0BDB76488FA0}.Release|iPhoneSimulator.ActiveCfg = Release|Any CPU
		{4E2D365C-24AF-48FA-B8CC-0BDB76488FA0}.Release|iPhoneSimulator.Build.0 = Release|Any CPU
		{4E2D365C-24AF-48FA-B8CC-0BDB76488FA0}.Debug|iPhone.ActiveCfg = Debug|Any CPU
		{4E2D365C-24AF-48FA-B8CC-0BDB76488FA0}.Debug|iPhone.Build.0 = Debug|Any CPU
		{9EB1517A-A72D-4B15-A055-4A492411537F}.Debug|Any CPU.ActiveCfg = Debug|iPhoneSimulator
		{9EB1517A-A72D-4B15-A055-4A492411537F}.Debug|Any CPU.Build.0 = Debug|iPhoneSimulator
		{9EB1517A-A72D-4B15-A055-4A492411537F}.Release|Any CPU.ActiveCfg = Release|iPhone
		{9EB1517A-A72D-4B15-A055-4A492411537F}.Release|Any CPU.Build.0 = Release|iPhone
		{9EB1517A-A72D-4B15-A055-4A492411537F}.Debug|iPhoneSimulator.ActiveCfg = Debug|iPhoneSimulator
		{9EB1517A-A72D-4B15-A055-4A492411537F}.Debug|iPhoneSimulator.Build.0 = Debug|iPhoneSimulator
		{9EB1517A-A72D-4B15-A055-4A492411537F}.Release|iPhone.ActiveCfg = Release|iPhone
		{9EB1517A-A72D-4B15-A055-4A492411537F}.Release|iPhone.Build.0 = Release|iPhone
		{9EB1517A-A72D-4B15-A055-4A492411537F}.Release|iPhoneSimulator.ActiveCfg = Release|iPhoneSimulator
		{9EB1517A-A72D-4B15-A055-4A492411537F}.Release|iPhoneSimulator.Build.0 = Release|iPhoneSimulator
		{9EB1517A-A72D-4B15-A055-4A492411537F}.Debug|iPhone.ActiveCfg = Debug|iPhone
		{9EB1517A-A72D-4B15-A055-4A492411537F}.Debug|iPhone.Build.0 = Debug|iPhone
	EndGlobalSection
EndGlobal
